
Microsoft Visual Studio Solution File, Format Version 12.00
# Visual Studio Version 17
VisualStudioVersion = 17.3.32825.248
MinimumVisualStudioVersion = 10.0.40219.1
Project("{2150E333-8FDC-42A3-9474-1A3956D46DE8}") = "FrontEnd", "FrontEnd", "{9395E4F8-58F9-4D8D-933D-382042346639}"
EndProject
Project("{FAE04EC0-301F-11D3-BF4B-00C04F79EFBC}") = "Mango.Web", "Mango.Web\Mango.Web.csproj", "{E33A9C04-BAB9-4325-9054-3299DB195BB5}"
EndProject
Project("{2150E333-8FDC-42A3-9474-1A3956D46DE8}") = "Services", "Services", "{3A27A8C0-87E1-4A86-8037-A40F8C92C281}"
EndProject
Project("{FAE04EC0-301F-11D3-BF4B-00C04F79EFBC}") = "Mando.Services.ProductAPI", "Mando.Services.ProfuctAPI\Mando.Services.ProductAPI.csproj", "{815441BC-1A9C-4768-B7D4-9AF532053667}"
EndProject
Global
	GlobalSection(SolutionConfigurationPlatforms) = preSolution
		Debug|Any CPU = Debug|Any CPU
		Release|Any CPU = Release|Any CPU
	EndGlobalSection
	GlobalSection(ProjectConfigurationPlatforms) = postSolution
		{E33A9C04-BAB9-4325-9054-3299DB195BB5}.Debug|Any CPU.ActiveCfg = Debug|Any CPU
		{E33A9C04-BAB9-4325-9054-3299DB195BB5}.Debug|Any CPU.Build.0 = Debug|Any CPU
		{E33A9C04-BAB9-4325-9054-3299DB195BB5}.Release|Any CPU.ActiveCfg = Release|Any CPU
		{E33A9C04-BAB9-4325-9054-3299DB195BB5}.Release|Any CPU.Build.0 = Release|Any CPU
		{815441BC-1A9C-4768-B7D4-9AF532053667}.Debug|Any CPU.ActiveCfg = Debug|Any CPU
		{815441BC-1A9C-4768-B7D4-9AF532053667}.Debug|Any CPU.Build.0 = Debug|Any CPU
		{815441BC-1A9C-4768-B7D4-9AF532053667}.Release|Any CPU.ActiveCfg = Release|Any CPU
		{815441BC-1A9C-4768-B7D4-9AF532053667}.Release|Any CPU.Build.0 = Release|Any CPU
	EndGlobalSection
	GlobalSection(SolutionProperties) = preSolution
		HideSolutionNode = FALSE
	EndGlobalSection
	GlobalSection(NestedProjects) = preSolution
		{E33A9C04-BAB9-4325-9054-3299DB195BB5} = {9395E4F8-58F9-4D8D-933D-382042346639}
		{815441BC-1A9C-4768-B7D4-9AF532053667} = {3A27A8C0-87E1-4A86-8037-A40F8C92C281}
	EndGlobalSection
	GlobalSection(ExtensibilityGlobals) = postSolution
		SolutionGuid = {F0ACDC8B-FFF6-4953-B9E5-EBCA416D3839}
	EndGlobalSection
EndGlobal
